
Microsoft Visual Studio Solution File, Format Version 12.00
# Visual Studio Version 16
VisualStudioVersion = 16.0.31911.196
MinimumVisualStudioVersion = 10.0.40219.1
Project("{FAE04EC0-301F-11D3-BF4B-00C04F79EFBC}") = "Example", "Example\Example.csproj", "{ADF21B2D-3258-4DC2-860E-D5B71DEE4F4A}"
EndProject
Global
	GlobalSection(SolutionConfigurationPlatforms) = preSolution
		Debug|Any CPU = Debug|Any CPU
		Release|Any CPU = Release|Any CPU
	EndGlobalSection
	GlobalSection(ProjectConfigurationPlatforms) = postSolution
		{ADF21B2D-3258-4DC2-860E-D5B71DEE4F4A}.Debug|Any CPU.ActiveCfg = Debug|Any CPU
		{ADF21B2D-3258-4DC2-860E-D5B71DEE4F4A}.Debug|Any CPU.Build.0 = Debug|Any CPU
		{ADF21B2D-3258-4DC2-860E-D5B71DEE4F4A}.Release|Any CPU.ActiveCfg = Release|Any CPU
		{ADF21B2D-3258-4DC2-860E-D5B71DEE4F4A}.Release|Any CPU.Build.0 = Release|Any CPU
	EndGlobalSection
	GlobalSection(SolutionProperties) = preSolution
		HideSolutionNode = FALSE
	EndGlobalSection
	GlobalSection(ExtensibilityGlobals) = postSolution
		SolutionGuid = {708D3F09-03B5-463E-928E-74B2758D3D5A}
	EndGlobalSection
EndGlobal
