
Microsoft Visual Studio Solution File, Format Version 12.00
# Visual Studio Version 16
VisualStudioVersion = 16.0.31911.196
MinimumVisualStudioVersion = 10.0.40219.1
Project("{9A19103F-16F7-4668-BE54-9A1E7A4F7556}") = "Example", "Example\Example.csproj", "{ADF21B2D-3258-4DC2-860E-D5B71DEE4F4A}"
EndProject
Project("{2150E333-8FDC-42A3-9474-1A3956D46DE8}") = "workflows", "workflows", "{37F2296A-9FF8-461A-98CA-2D31D3B225D7}"
	ProjectSection(SolutionItems) = preProject
		..\..\.github\workflows\run-example-tests.yml = ..\..\.github\workflows\run-example-tests.yml
	EndProjectSection
EndProject
Global
	GlobalSection(SolutionConfigurationPlatforms) = preSolution
		Debug|Any CPU = Debug|Any CPU
		Release|Any CPU = Release|Any CPU
	EndGlobalSection
	GlobalSection(ProjectConfigurationPlatforms) = postSolution
		{ADF21B2D-3258-4DC2-860E-D5B71DEE4F4A}.Debug|Any CPU.ActiveCfg = Debug|Any CPU
		{ADF21B2D-3258-4DC2-860E-D5B71DEE4F4A}.Debug|Any CPU.Build.0 = Debug|Any CPU
		{ADF21B2D-3258-4DC2-860E-D5B71DEE4F4A}.Release|Any CPU.ActiveCfg = Release|Any CPU
		{ADF21B2D-3258-4DC2-860E-D5B71DEE4F4A}.Release|Any CPU.Build.0 = Release|Any CPU
	EndGlobalSection
	GlobalSection(SolutionProperties) = preSolution
		HideSolutionNode = FALSE
	EndGlobalSection
	GlobalSection(ExtensibilityGlobals) = postSolution
		SolutionGuid = {708D3F09-03B5-463E-928E-74B2758D3D5A}
	EndGlobalSection
EndGlobal
